
Microsoft Visual Studio Solution File, Format Version 12.00
# Visual Studio Version 16
VisualStudioVersion = 16.0.31729.503
MinimumVisualStudioVersion = 10.0.40219.1
Project("{2150E333-8FDC-42A3-9474-1A3956D46DE8}") = "Console örnek sorular", "Console örnek sorular", "{944F2937-3127-43AC-B865-11711CFF3723}"
EndProject
Project("{9A19103F-16F7-4668-BE54-9A1E7A4F7556}") = "AsalmıDeğilmi", "Consoleörneksoruveçözümler\AsalmıDeğilmi.csproj", "{2C002304-012B-4B49-9C42-97B01D44C301}"
EndProject
Project("{2150E333-8FDC-42A3-9474-1A3956D46DE8}") = "Day 2 task", "Day 2 task", "{42BFEDAA-A017-4B3C-8E19-E44834D69AED}"
EndProject
Project("{9A19103F-16F7-4668-BE54-9A1E7A4F7556}") = "BomOyunu", "BomOyunu\BomOyunu.csproj", "{F72B2C54-1A47-4789-A51C-1B3899428372}"
EndProject
Project("{9A19103F-16F7-4668-BE54-9A1E7A4F7556}") = "Sekilcizmeoyunu", "Sekilcizmeoyunu\Sekilcizmeoyunu.csproj", "{E71F9FDF-2AA5-4C2E-9245-137F17184035}"
EndProject
Project("{2150E333-8FDC-42A3-9474-1A3956D46DE8}") = "Day 3 task", "Day 3 task", "{2F861A33-A934-4C32-8F47-4A022BBC96CE}"
EndProject
Project("{9A19103F-16F7-4668-BE54-9A1E7A4F7556}") = "SayiTahminOyunu", "SayiTahminOyunu\SayiTahminOyunu.csproj", "{444173C8-B812-45D0-A242-6B990D246C31}"
EndProject
Project("{9A19103F-16F7-4668-BE54-9A1E7A4F7556}") = "ZarOyunu", "ZarOyunu\ZarOyunu.csproj", "{6EDF4D01-8A2A-4D0B-AAC1-73B9E1A204BA}"
EndProject
Project("{9A19103F-16F7-4668-BE54-9A1E7A4F7556}") = "AdamAsmacaOyunu", "AdamAsmacaOyunu\AdamAsmacaOyunu.csproj", "{94813265-B35E-4303-9B03-4F64E316D2B3}"
EndProject
Project("{2150E333-8FDC-42A3-9474-1A3956D46DE8}") = "ConsoleAlistirmalar", "ConsoleAlistirmalar", "{C5605A2B-5395-408C-9051-A9F61CD1867C}"
EndProject
Project("{9A19103F-16F7-4668-BE54-9A1E7A4F7556}") = "SayiTekmiÇiftmi", "SayiTekmiÇiftmi\SayiTekmiÇiftmi.csproj", "{C806348F-C490-44D6-8365-D01FBBFF9624}"
EndProject
Project("{9A19103F-16F7-4668-BE54-9A1E7A4F7556}") = "ToplamınıBulanProgram", "ToplamınıBulanProgram\ToplamınıBulanProgram.csproj", "{FCCFECC1-AB07-4634-A375-2FEA74ACB81D}"
EndProject
Project("{2150E333-8FDC-42A3-9474-1A3956D46DE8}") = "Console Daily Tasks", "Console Daily Tasks", "{3494C137-661A-4D6B-B24E-FB724FB0D5E6}"
EndProject
Project("{9A19103F-16F7-4668-BE54-9A1E7A4F7556}") = "UcgenAlanı", "UcgenAlanı\UcgenAlanı.csproj", "{1D638E0A-B84F-4280-AEFC-157277D37512}"
EndProject
Project("{9A19103F-16F7-4668-BE54-9A1E7A4F7556}") = "PozitifmiNegatifmi", "PozitifmiNegatifmi\PozitifmiNegatifmi.csproj", "{8180BB39-DF69-4D2D-8E45-DE4CA0044D97}"
EndProject
Project("{9A19103F-16F7-4668-BE54-9A1E7A4F7556}") = "3ve5BölünebilenSayilar", "3ve5BölünebilenSayilar\3ve5BölünebilenSayilar.csproj", "{5135E153-D24F-40FE-AE4D-406368B32821}"
EndProject
Project("{9A19103F-16F7-4668-BE54-9A1E7A4F7556}") = "GecerliGecersiz", "GecerliGecersiz\GecerliGecersiz.csproj", "{73086997-2F64-49AF-A2D9-E90D135AC728}"
EndProject
Project("{9A19103F-16F7-4668-BE54-9A1E7A4F7556}") = "KatıSıvıGazOyunu", "KatıSıvıGazOyunu\KatıSıvıGazOyunu.csproj", "{E4BEF458-FDA4-4A02-AE9B-47A387630C7F}"
EndProject
Project("{9A19103F-16F7-4668-BE54-9A1E7A4F7556}") = "Girilen10sayınınnToplamı", "Girilen10sayınınnToplamı\Girilen10sayınınnToplamı.csproj", "{598FB0BB-C867-476E-923B-3B8A346BE49F}"
EndProject
Project("{9A19103F-16F7-4668-BE54-9A1E7A4F7556}") = "1denNsayısı", "1denNsayısı\1denNsayısı.csproj", "{ADF200BD-C496-4739-A71B-35201D111615}"
EndProject
Project("{9A19103F-16F7-4668-BE54-9A1E7A4F7556}") = "KDVHesaplama", "KDVHesaplama\KDVHesaplama.csproj", "{23ABE267-C2AB-473D-A021-608441C39829}"
EndProject
Project("{9A19103F-16F7-4668-BE54-9A1E7A4F7556}") = "3SayıdanBüyükOlanıBulma", "3SayıdanBüyükOlanıBulma\3SayıdanBüyükOlanıBulma.csproj", "{2AE3F146-C067-417B-9D2A-5448BC459F22}"
EndProject
Project("{9A19103F-16F7-4668-BE54-9A1E7A4F7556}") = "FabrikaİsciUcretiHesaplama", "FabrikaİsciUcretiHesaplama\FabrikaİsciUcretiHesaplama.csproj", "{F31E25B0-8417-4156-AC31-E6CD46A8C680}"
EndProject
Project("{9A19103F-16F7-4668-BE54-9A1E7A4F7556}") = "2DereceDenklemKökleri", "2DereceDenklemKökleri\2DereceDenklemKökleri.csproj", "{CCEDE754-972F-4E77-99F9-C4C7E596A227}"
EndProject
Project("{9A19103F-16F7-4668-BE54-9A1E7A4F7556}") = "BasamakDeğeriBulanProgram", "BasamakDeğeriBulanProgram\BasamakDeğeriBulanProgram.csproj", "{7188697C-0381-4190-B0BC-325AA27B5D43}"
EndProject
Project("{9A19103F-16F7-4668-BE54-9A1E7A4F7556}") = "FonksiyonAlıştırmaları", "FonksiyonAlıştırmaları\FonksiyonAlıştırmaları.csproj", "{82A5374E-5F68-4EAE-ABA4-F413F5AFE0F6}"
EndProject
Project("{9A19103F-16F7-4668-BE54-9A1E7A4F7556}") = "SwitchCaseAlıstımalar", "SwitchCaseAlıstımalar\SwitchCaseAlıstımalar.csproj", "{D97E7860-3B8C-4F35-861D-19C9C01FE9B3}"
EndProject
Project("{2150E333-8FDC-42A3-9474-1A3956D46DE8}") = "WinForm Daily Tasks", "WinForm Daily Tasks", "{FFB0BF7D-E3B2-41B1-BDA1-C4573007A8C9}"
EndProject
Project("{9A19103F-16F7-4668-BE54-9A1E7A4F7556}") = "KisiForm", "KisiForm\KisiForm.csproj", "{39AB8945-9983-4719-BDE3-AF03ECB727F7}"
EndProject
Project("{9A19103F-16F7-4668-BE54-9A1E7A4F7556}") = "Kisi.Models", "Kisi.Models\Kisi.Models.csproj", "{7D1F8F00-344B-4BE9-AC36-90326E363234}"
EndProject
Project("{2150E333-8FDC-42A3-9474-1A3956D46DE8}") = "Day 7", "Day 7", "{D075C3C0-FF37-4F52-86DB-55F282F06C90}"
EndProject
Project("{9A19103F-16F7-4668-BE54-9A1E7A4F7556}") = "PaymentMethod", "PaymentMethod\PaymentMethod.csproj", "{43D61D09-5C71-4DED-A0EA-BF3A2BCAC354}"
EndProject
Project("{9A19103F-16F7-4668-BE54-9A1E7A4F7556}") = "PaymentMethod.Models", "PaymentMethod.Models\PaymentMethod.Models.csproj", "{76B58847-E74E-4A0D-9D2D-A0E275285AD0}"
EndProject
Project("{2150E333-8FDC-42A3-9474-1A3956D46DE8}") = "Day 8 task", "Day 8 task", "{131D1112-2DDF-4222-AA70-6BC238907F4C}"
EndProject
Project("{2150E333-8FDC-42A3-9474-1A3956D46DE8}") = "Day 9 task", "Day 9 task", "{BA4C6E0E-10CC-4EC4-B96F-01C31791614A}"
EndProject
Global
	GlobalSection(SolutionConfigurationPlatforms) = preSolution
		Debug|Any CPU = Debug|Any CPU
		Release|Any CPU = Release|Any CPU
	EndGlobalSection
	GlobalSection(ProjectConfigurationPlatforms) = postSolution
		{2C002304-012B-4B49-9C42-97B01D44C301}.Debug|Any CPU.ActiveCfg = Debug|Any CPU
		{2C002304-012B-4B49-9C42-97B01D44C301}.Debug|Any CPU.Build.0 = Debug|Any CPU
		{2C002304-012B-4B49-9C42-97B01D44C301}.Release|Any CPU.ActiveCfg = Release|Any CPU
		{2C002304-012B-4B49-9C42-97B01D44C301}.Release|Any CPU.Build.0 = Release|Any CPU
		{F72B2C54-1A47-4789-A51C-1B3899428372}.Debug|Any CPU.ActiveCfg = Debug|Any CPU
		{F72B2C54-1A47-4789-A51C-1B3899428372}.Debug|Any CPU.Build.0 = Debug|Any CPU
		{F72B2C54-1A47-4789-A51C-1B3899428372}.Release|Any CPU.ActiveCfg = Release|Any CPU
		{F72B2C54-1A47-4789-A51C-1B3899428372}.Release|Any CPU.Build.0 = Release|Any CPU
		{E71F9FDF-2AA5-4C2E-9245-137F17184035}.Debug|Any CPU.ActiveCfg = Debug|Any CPU
		{E71F9FDF-2AA5-4C2E-9245-137F17184035}.Debug|Any CPU.Build.0 = Debug|Any CPU
		{E71F9FDF-2AA5-4C2E-9245-137F17184035}.Release|Any CPU.ActiveCfg = Release|Any CPU
		{E71F9FDF-2AA5-4C2E-9245-137F17184035}.Release|Any CPU.Build.0 = Release|Any CPU
		{444173C8-B812-45D0-A242-6B990D246C31}.Debug|Any CPU.ActiveCfg = Debug|Any CPU
		{444173C8-B812-45D0-A242-6B990D246C31}.Debug|Any CPU.Build.0 = Debug|Any CPU
		{444173C8-B812-45D0-A242-6B990D246C31}.Release|Any CPU.ActiveCfg = Release|Any CPU
		{444173C8-B812-45D0-A242-6B990D246C31}.Release|Any CPU.Build.0 = Release|Any CPU
		{6EDF4D01-8A2A-4D0B-AAC1-73B9E1A204BA}.Debug|Any CPU.ActiveCfg = Debug|Any CPU
		{6EDF4D01-8A2A-4D0B-AAC1-73B9E1A204BA}.Debug|Any CPU.Build.0 = Debug|Any CPU
		{6EDF4D01-8A2A-4D0B-AAC1-73B9E1A204BA}.Release|Any CPU.ActiveCfg = Release|Any CPU
		{6EDF4D01-8A2A-4D0B-AAC1-73B9E1A204BA}.Release|Any CPU.Build.0 = Release|Any CPU
		{94813265-B35E-4303-9B03-4F64E316D2B3}.Debug|Any CPU.ActiveCfg = Debug|Any CPU
		{94813265-B35E-4303-9B03-4F64E316D2B3}.Debug|Any CPU.Build.0 = Debug|Any CPU
		{94813265-B35E-4303-9B03-4F64E316D2B3}.Release|Any CPU.ActiveCfg = Release|Any CPU
		{94813265-B35E-4303-9B03-4F64E316D2B3}.Release|Any CPU.Build.0 = Release|Any CPU
		{C806348F-C490-44D6-8365-D01FBBFF9624}.Debug|Any CPU.ActiveCfg = Debug|Any CPU
		{C806348F-C490-44D6-8365-D01FBBFF9624}.Debug|Any CPU.Build.0 = Debug|Any CPU
		{C806348F-C490-44D6-8365-D01FBBFF9624}.Release|Any CPU.ActiveCfg = Release|Any CPU
		{C806348F-C490-44D6-8365-D01FBBFF9624}.Release|Any CPU.Build.0 = Release|Any CPU
		{FCCFECC1-AB07-4634-A375-2FEA74ACB81D}.Debug|Any CPU.ActiveCfg = Debug|Any CPU
		{FCCFECC1-AB07-4634-A375-2FEA74ACB81D}.Debug|Any CPU.Build.0 = Debug|Any CPU
		{FCCFECC1-AB07-4634-A375-2FEA74ACB81D}.Release|Any CPU.ActiveCfg = Release|Any CPU
		{FCCFECC1-AB07-4634-A375-2FEA74ACB81D}.Release|Any CPU.Build.0 = Release|Any CPU
		{1D638E0A-B84F-4280-AEFC-157277D37512}.Debug|Any CPU.ActiveCfg = Debug|Any CPU
		{1D638E0A-B84F-4280-AEFC-157277D37512}.Debug|Any CPU.Build.0 = Debug|Any CPU
		{1D638E0A-B84F-4280-AEFC-157277D37512}.Release|Any CPU.ActiveCfg = Release|Any CPU
		{1D638E0A-B84F-4280-AEFC-157277D37512}.Release|Any CPU.Build.0 = Release|Any CPU
		{8180BB39-DF69-4D2D-8E45-DE4CA0044D97}.Debug|Any CPU.ActiveCfg = Debug|Any CPU
		{8180BB39-DF69-4D2D-8E45-DE4CA0044D97}.Debug|Any CPU.Build.0 = Debug|Any CPU
		{8180BB39-DF69-4D2D-8E45-DE4CA0044D97}.Release|Any CPU.ActiveCfg = Release|Any CPU
		{8180BB39-DF69-4D2D-8E45-DE4CA0044D97}.Release|Any CPU.Build.0 = Release|Any CPU
		{5135E153-D24F-40FE-AE4D-406368B32821}.Debug|Any CPU.ActiveCfg = Debug|Any CPU
		{5135E153-D24F-40FE-AE4D-406368B32821}.Debug|Any CPU.Build.0 = Debug|Any CPU
		{5135E153-D24F-40FE-AE4D-406368B32821}.Release|Any CPU.ActiveCfg = Release|Any CPU
		{5135E153-D24F-40FE-AE4D-406368B32821}.Release|Any CPU.Build.0 = Release|Any CPU
		{73086997-2F64-49AF-A2D9-E90D135AC728}.Debug|Any CPU.ActiveCfg = Debug|Any CPU
		{73086997-2F64-49AF-A2D9-E90D135AC728}.Debug|Any CPU.Build.0 = Debug|Any CPU
		{73086997-2F64-49AF-A2D9-E90D135AC728}.Release|Any CPU.ActiveCfg = Release|Any CPU
		{73086997-2F64-49AF-A2D9-E90D135AC728}.Release|Any CPU.Build.0 = Release|Any CPU
		{E4BEF458-FDA4-4A02-AE9B-47A387630C7F}.Debug|Any CPU.ActiveCfg = Debug|Any CPU
		{E4BEF458-FDA4-4A02-AE9B-47A387630C7F}.Debug|Any CPU.Build.0 = Debug|Any CPU
		{E4BEF458-FDA4-4A02-AE9B-47A387630C7F}.Release|Any CPU.ActiveCfg = Release|Any CPU
		{E4BEF458-FDA4-4A02-AE9B-47A387630C7F}.Release|Any CPU.Build.0 = Release|Any CPU
		{598FB0BB-C867-476E-923B-3B8A346BE49F}.Debug|Any CPU.ActiveCfg = Debug|Any CPU
		{598FB0BB-C867-476E-923B-3B8A346BE49F}.Debug|Any CPU.Build.0 = Debug|Any CPU
		{598FB0BB-C867-476E-923B-3B8A346BE49F}.Release|Any CPU.ActiveCfg = Release|Any CPU
		{598FB0BB-C867-476E-923B-3B8A346BE49F}.Release|Any CPU.Build.0 = Release|Any CPU
		{ADF200BD-C496-4739-A71B-35201D111615}.Debug|Any CPU.ActiveCfg = Debug|Any CPU
		{ADF200BD-C496-4739-A71B-35201D111615}.Debug|Any CPU.Build.0 = Debug|Any CPU
		{ADF200BD-C496-4739-A71B-35201D111615}.Release|Any CPU.ActiveCfg = Release|Any CPU
		{ADF200BD-C496-4739-A71B-35201D111615}.Release|Any CPU.Build.0 = Release|Any CPU
		{23ABE267-C2AB-473D-A021-608441C39829}.Debug|Any CPU.ActiveCfg = Debug|Any CPU
		{23ABE267-C2AB-473D-A021-608441C39829}.Debug|Any CPU.Build.0 = Debug|Any CPU
		{23ABE267-C2AB-473D-A021-608441C39829}.Release|Any CPU.ActiveCfg = Release|Any CPU
		{23ABE267-C2AB-473D-A021-608441C39829}.Release|Any CPU.Build.0 = Release|Any CPU
		{2AE3F146-C067-417B-9D2A-5448BC459F22}.Debug|Any CPU.ActiveCfg = Debug|Any CPU
		{2AE3F146-C067-417B-9D2A-5448BC459F22}.Debug|Any CPU.Build.0 = Debug|Any CPU
		{2AE3F146-C067-417B-9D2A-5448BC459F22}.Release|Any CPU.ActiveCfg = Release|Any CPU
		{2AE3F146-C067-417B-9D2A-5448BC459F22}.Release|Any CPU.Build.0 = Release|Any CPU
		{F31E25B0-8417-4156-AC31-E6CD46A8C680}.Debug|Any CPU.ActiveCfg = Debug|Any CPU
		{F31E25B0-8417-4156-AC31-E6CD46A8C680}.Debug|Any CPU.Build.0 = Debug|Any CPU
		{F31E25B0-8417-4156-AC31-E6CD46A8C680}.Release|Any CPU.ActiveCfg = Release|Any CPU
		{F31E25B0-8417-4156-AC31-E6CD46A8C680}.Release|Any CPU.Build.0 = Release|Any CPU
		{CCEDE754-972F-4E77-99F9-C4C7E596A227}.Debug|Any CPU.ActiveCfg = Debug|Any CPU
		{CCEDE754-972F-4E77-99F9-C4C7E596A227}.Debug|Any CPU.Build.0 = Debug|Any CPU
		{CCEDE754-972F-4E77-99F9-C4C7E596A227}.Release|Any CPU.ActiveCfg = Release|Any CPU
		{CCEDE754-972F-4E77-99F9-C4C7E596A227}.Release|Any CPU.Build.0 = Release|Any CPU
		{7188697C-0381-4190-B0BC-325AA27B5D43}.Debug|Any CPU.ActiveCfg = Debug|Any CPU
		{7188697C-0381-4190-B0BC-325AA27B5D43}.Debug|Any CPU.Build.0 = Debug|Any CPU
		{7188697C-0381-4190-B0BC-325AA27B5D43}.Release|Any CPU.ActiveCfg = Release|Any CPU
		{7188697C-0381-4190-B0BC-325AA27B5D43}.Release|Any CPU.Build.0 = Release|Any CPU
		{82A5374E-5F68-4EAE-ABA4-F413F5AFE0F6}.Debug|Any CPU.ActiveCfg = Debug|Any CPU
		{82A5374E-5F68-4EAE-ABA4-F413F5AFE0F6}.Debug|Any CPU.Build.0 = Debug|Any CPU
		{82A5374E-5F68-4EAE-ABA4-F413F5AFE0F6}.Release|Any CPU.ActiveCfg = Release|Any CPU
		{82A5374E-5F68-4EAE-ABA4-F413F5AFE0F6}.Release|Any CPU.Build.0 = Release|Any CPU
		{D97E7860-3B8C-4F35-861D-19C9C01FE9B3}.Debug|Any CPU.ActiveCfg = Debug|Any CPU
		{D97E7860-3B8C-4F35-861D-19C9C01FE9B3}.Debug|Any CPU.Build.0 = Debug|Any CPU
		{D97E7860-3B8C-4F35-861D-19C9C01FE9B3}.Release|Any CPU.ActiveCfg = Release|Any CPU
		{D97E7860-3B8C-4F35-861D-19C9C01FE9B3}.Release|Any CPU.Build.0 = Release|Any CPU
		{39AB8945-9983-4719-BDE3-AF03ECB727F7}.Debug|Any CPU.ActiveCfg = Debug|Any CPU
		{39AB8945-9983-4719-BDE3-AF03ECB727F7}.Debug|Any CPU.Build.0 = Debug|Any CPU
		{39AB8945-9983-4719-BDE3-AF03ECB727F7}.Release|Any CPU.ActiveCfg = Release|Any CPU
		{39AB8945-9983-4719-BDE3-AF03ECB727F7}.Release|Any CPU.Build.0 = Release|Any CPU
		{7D1F8F00-344B-4BE9-AC36-90326E363234}.Debug|Any CPU.ActiveCfg = Debug|Any CPU
		{7D1F8F00-344B-4BE9-AC36-90326E363234}.Debug|Any CPU.Build.0 = Debug|Any CPU
		{7D1F8F00-344B-4BE9-AC36-90326E363234}.Release|Any CPU.ActiveCfg = Release|Any CPU
		{7D1F8F00-344B-4BE9-AC36-90326E363234}.Release|Any CPU.Build.0 = Release|Any CPU
		{43D61D09-5C71-4DED-A0EA-BF3A2BCAC354}.Debug|Any CPU.ActiveCfg = Debug|Any CPU
		{43D61D09-5C71-4DED-A0EA-BF3A2BCAC354}.Debug|Any CPU.Build.0 = Debug|Any CPU
		{43D61D09-5C71-4DED-A0EA-BF3A2BCAC354}.Release|Any CPU.ActiveCfg = Release|Any CPU
		{43D61D09-5C71-4DED-A0EA-BF3A2BCAC354}.Release|Any CPU.Build.0 = Release|Any CPU
		{76B58847-E74E-4A0D-9D2D-A0E275285AD0}.Debug|Any CPU.ActiveCfg = Debug|Any CPU
		{76B58847-E74E-4A0D-9D2D-A0E275285AD0}.Debug|Any CPU.Build.0 = Debug|Any CPU
		{76B58847-E74E-4A0D-9D2D-A0E275285AD0}.Release|Any CPU.ActiveCfg = Release|Any CPU
		{76B58847-E74E-4A0D-9D2D-A0E275285AD0}.Release|Any CPU.Build.0 = Release|Any CPU
	EndGlobalSection
	GlobalSection(SolutionProperties) = preSolution
		HideSolutionNode = FALSE
	EndGlobalSection
	GlobalSection(NestedProjects) = preSolution
		{2C002304-012B-4B49-9C42-97B01D44C301} = {C5605A2B-5395-408C-9051-A9F61CD1867C}
		{42BFEDAA-A017-4B3C-8E19-E44834D69AED} = {3494C137-661A-4D6B-B24E-FB724FB0D5E6}
		{F72B2C54-1A47-4789-A51C-1B3899428372} = {42BFEDAA-A017-4B3C-8E19-E44834D69AED}
		{E71F9FDF-2AA5-4C2E-9245-137F17184035} = {42BFEDAA-A017-4B3C-8E19-E44834D69AED}
		{2F861A33-A934-4C32-8F47-4A022BBC96CE} = {3494C137-661A-4D6B-B24E-FB724FB0D5E6}
		{444173C8-B812-45D0-A242-6B990D246C31} = {2F861A33-A934-4C32-8F47-4A022BBC96CE}
		{6EDF4D01-8A2A-4D0B-AAC1-73B9E1A204BA} = {2F861A33-A934-4C32-8F47-4A022BBC96CE}
		{94813265-B35E-4303-9B03-4F64E316D2B3} = {2F861A33-A934-4C32-8F47-4A022BBC96CE}
		{C5605A2B-5395-408C-9051-A9F61CD1867C} = {944F2937-3127-43AC-B865-11711CFF3723}
		{C806348F-C490-44D6-8365-D01FBBFF9624} = {C5605A2B-5395-408C-9051-A9F61CD1867C}
		{FCCFECC1-AB07-4634-A375-2FEA74ACB81D} = {C5605A2B-5395-408C-9051-A9F61CD1867C}
		{1D638E0A-B84F-4280-AEFC-157277D37512} = {C5605A2B-5395-408C-9051-A9F61CD1867C}
		{8180BB39-DF69-4D2D-8E45-DE4CA0044D97} = {C5605A2B-5395-408C-9051-A9F61CD1867C}
		{5135E153-D24F-40FE-AE4D-406368B32821} = {C5605A2B-5395-408C-9051-A9F61CD1867C}
		{73086997-2F64-49AF-A2D9-E90D135AC728} = {C5605A2B-5395-408C-9051-A9F61CD1867C}
		{E4BEF458-FDA4-4A02-AE9B-47A387630C7F} = {C5605A2B-5395-408C-9051-A9F61CD1867C}
		{598FB0BB-C867-476E-923B-3B8A346BE49F} = {C5605A2B-5395-408C-9051-A9F61CD1867C}
		{ADF200BD-C496-4739-A71B-35201D111615} = {C5605A2B-5395-408C-9051-A9F61CD1867C}
		{23ABE267-C2AB-473D-A021-608441C39829} = {C5605A2B-5395-408C-9051-A9F61CD1867C}
		{2AE3F146-C067-417B-9D2A-5448BC459F22} = {C5605A2B-5395-408C-9051-A9F61CD1867C}
		{F31E25B0-8417-4156-AC31-E6CD46A8C680} = {C5605A2B-5395-408C-9051-A9F61CD1867C}
		{CCEDE754-972F-4E77-99F9-C4C7E596A227} = {C5605A2B-5395-408C-9051-A9F61CD1867C}
		{7188697C-0381-4190-B0BC-325AA27B5D43} = {C5605A2B-5395-408C-9051-A9F61CD1867C}
		{82A5374E-5F68-4EAE-ABA4-F413F5AFE0F6} = {C5605A2B-5395-408C-9051-A9F61CD1867C}
		{D97E7860-3B8C-4F35-861D-19C9C01FE9B3} = {C5605A2B-5395-408C-9051-A9F61CD1867C}
		{39AB8945-9983-4719-BDE3-AF03ECB727F7} = {131D1112-2DDF-4222-AA70-6BC238907F4C}
		{7D1F8F00-344B-4BE9-AC36-90326E363234} = {131D1112-2DDF-4222-AA70-6BC238907F4C}
		{D075C3C0-FF37-4F52-86DB-55F282F06C90} = {FFB0BF7D-E3B2-41B1-BDA1-C4573007A8C9}
		{43D61D09-5C71-4DED-A0EA-BF3A2BCAC354} = {D075C3C0-FF37-4F52-86DB-55F282F06C90}
		{76B58847-E74E-4A0D-9D2D-A0E275285AD0} = {D075C3C0-FF37-4F52-86DB-55F282F06C90}
		{131D1112-2DDF-4222-AA70-6BC238907F4C} = {FFB0BF7D-E3B2-41B1-BDA1-C4573007A8C9}
		{BA4C6E0E-10CC-4EC4-B96F-01C31791614A} = {FFB0BF7D-E3B2-41B1-BDA1-C4573007A8C9}
	EndGlobalSection
	GlobalSection(ExtensibilityGlobals) = postSolution
		SolutionGuid = {ADE97B2A-D739-40F7-B45D-3211E5498CBB}
	EndGlobalSection
EndGlobal
